
Microsoft Visual Studio Solution File, Format Version 12.00
# Visual Studio Version 17
VisualStudioVersion = 17.3.32811.315
MinimumVisualStudioVersion = 10.0.40219.1
Project("{FAE04EC0-301F-11D3-BF4B-00C04F79EFBC}") = "Teste_Array-vetor", "Teste_Array-vetor\Teste_Array-vetor.csproj", "{1F7E12EC-518D-4F6F-B667-584EFCECD175}"
EndProject
Global
	GlobalSection(SolutionConfigurationPlatforms) = preSolution
		Debug|Any CPU = Debug|Any CPU
		Release|Any CPU = Release|Any CPU
	EndGlobalSection
	GlobalSection(ProjectConfigurationPlatforms) = postSolution
		{1F7E12EC-518D-4F6F-B667-584EFCECD175}.Debug|Any CPU.ActiveCfg = Debug|Any CPU
		{1F7E12EC-518D-4F6F-B667-584EFCECD175}.Debug|Any CPU.Build.0 = Debug|Any CPU
		{1F7E12EC-518D-4F6F-B667-584EFCECD175}.Release|Any CPU.ActiveCfg = Release|Any CPU
		{1F7E12EC-518D-4F6F-B667-584EFCECD175}.Release|Any CPU.Build.0 = Release|Any CPU
	EndGlobalSection
	GlobalSection(SolutionProperties) = preSolution
		HideSolutionNode = FALSE
	EndGlobalSection
	GlobalSection(ExtensibilityGlobals) = postSolution
		SolutionGuid = {B28724C0-F333-4776-8D9F-30D15D3EE30F}
	EndGlobalSection
EndGlobal
